{
    "_readme": [
        "This file locks the dependencies of your project to a known state",
        "Read more about it at https://getcomposer.org/doc/01-basic-usage.md#installing-dependencies",
        "This file is @generated automatically"
    ],
    "content-hash": "1c1f91a649e379f5cad5117f4b4aa41d",
    "packages": [
        {
            "name": "kingsoft/http",
            "version": "3.8",
            "source": {
                "type": "git",
                "url": "https://github.com/theking2/kingsoft-http.git",
                "reference": "693bd7d06b79fc176c99c5dde0f46c15d7e20f54"
            },
            "dist": {
                "type": "zip",
                "url": "https://api.github.com/repos/theking2/kingsoft-http/zipball/693bd7d06b79fc176c99c5dde0f46c15d7e20f54",
                "reference": "693bd7d06b79fc176c99c5dde0f46c15d7e20f54",
                "shasum": ""
            },
            "require": {
                "psr/log": "^3.0"
            },
            "type": "library",
            "autoload": {
                "psr-4": {
                    "Kingsoft\\Http\\": "src/"
                }
            },
            "notification-url": "https://packagist.org/downloads/",
            "license": [
                "MIT"
            ],
            "authors": [
                {
                    "name": "theking2",
                    "email": "theking2@king.ma"
                }
            ],
            "description": "Http Request/Response handler. It's a simple and easy to use library to handle http request and response.",
            "support": {
                "issues": "https://github.com/theking2/kingsoft-http/issues",
                "source": "https://github.com/theking2/kingsoft-http/tree/3.8"
            },
            "time": "2024-11-22T08:45:36+00:00"
        },
        {
            "name": "psr/log",
            "version": "3.0.2",
            "source": {
                "type": "git",
                "url": "https://github.com/php-fig/log.git",
                "reference": "f16e1d5863e37f8d8c2a01719f5b34baa2b714d3"
            },
            "dist": {
                "type": "zip",
                "url": "https://api.github.com/repos/php-fig/log/zipball/f16e1d5863e37f8d8c2a01719f5b34baa2b714d3",
                "reference": "f16e1d5863e37f8d8c2a01719f5b34baa2b714d3",
                "shasum": ""
            },
            "require": {
                "php": ">=8.0.0"
            },
            "type": "library",
            "extra": {
                "branch-alias": {
                    "dev-master": "3.x-dev"
                }
            },
            "autoload": {
                "psr-4": {
                    "Psr\\Log\\": "src"
                }
            },
            "notification-url": "https://packagist.org/downloads/",
            "license": [
                "MIT"
            ],
            "authors": [
                {
                    "name": "PHP-FIG",
                    "homepage": "https://www.php-fig.org/"
                }
            ],
            "description": "Common interface for logging libraries",
            "homepage": "https://github.com/php-fig/log",
            "keywords": [
                "log",
                "psr",
                "psr-3"
            ],
            "support": {
                "source": "https://github.com/php-fig/log/tree/3.0.2"
            },
            "time": "2024-09-11T13:17:53+00:00"
        }
    ],
    "packages-dev": [],
    "aliases": [],
    "minimum-stability": "RC",
    "stability-flags": [],
    "prefer-stable": false,
    "prefer-lowest": false,
    "platform": {
        "php": ">=8.2"
    },
    "platform-dev": [],
    "plugin-api-version": "2.6.0"
}
